
Microsoft Visual Studio Solution File, Format Version 12.00
# Visual Studio 2013
VisualStudioVersion = 12.0.40629.0
MinimumVisualStudioVersion = 10.0.40219.1
Project("{FAE04EC0-301F-11D3-BF4B-00C04F79EFBC}") = "MaspTeachingWebmvc", "MaspTeachingWebmvc\MaspTeachingWebmvc.csproj", "{B7B6D87B-E878-460A-A2E4-F1527B34EC36}"
EndProject
Project("{FAE04EC0-301F-11D3-BF4B-00C04F79EFBC}") = "EduExamine", "EduExamine\EduExamine.csproj", "{217F7CB5-F4A0-4629-8918-FD16764B5368}"
EndProject
Global
	GlobalSection(SolutionConfigurationPlatforms) = preSolution
		Debug|Any CPU = Debug|Any CPU
		Release|Any CPU = Release|Any CPU
	EndGlobalSection
	GlobalSection(ProjectConfigurationPlatforms) = postSolution
		{B7B6D87B-E878-460A-A2E4-F1527B34EC36}.Debug|Any CPU.ActiveCfg = Debug|Any CPU
		{B7B6D87B-E878-460A-A2E4-F1527B34EC36}.Debug|Any CPU.Build.0 = Debug|Any CPU
		{B7B6D87B-E878-460A-A2E4-F1527B34EC36}.Release|Any CPU.ActiveCfg = Release|Any CPU
		{B7B6D87B-E878-460A-A2E4-F1527B34EC36}.Release|Any CPU.Build.0 = Release|Any CPU
		{217F7CB5-F4A0-4629-8918-FD16764B5368}.Debug|Any CPU.ActiveCfg = Debug|Any CPU
		{217F7CB5-F4A0-4629-8918-FD16764B5368}.Debug|Any CPU.Build.0 = Debug|Any CPU
		{217F7CB5-F4A0-4629-8918-FD16764B5368}.Release|Any CPU.ActiveCfg = Release|Any CPU
		{217F7CB5-F4A0-4629-8918-FD16764B5368}.Release|Any CPU.Build.0 = Release|Any CPU
	EndGlobalSection
	GlobalSection(SolutionProperties) = preSolution
		HideSolutionNode = FALSE
	EndGlobalSection
EndGlobal
